PODS:
  - Flutter (1.0.0)
  - flutter_elastos_carrier (0.0.1):
    - Flutter

DEPENDENCIES:
  - Flutter (from `.symlinks/flutter/ios`)
  - flutter_elastos_carrier (from `.symlinks/plugins/flutter_elastos_carrier/ios`)

EXTERNAL SOURCES:
  Flutter:
    :path: ".symlinks/flutter/ios"
  flutter_elastos_carrier:
    :path: ".symlinks/plugins/flutter_elastos_carrier/ios"

SPEC CHECKSUMS:
  Flutter: 9d0fac939486c9aba2809b7982dfdbb47a7b0296
  flutter_elastos_carrier: 695e17754eb6af8f4f59994279a66ff6fa90d33b

PODFILE CHECKSUM: ebd43b443038e611b86ede96e613bd6033c49497

COCOAPODS: 1.5.3
